<?xml version="1.0" encoding="UTF-8"?>
<!DOCTYPE plist PUBLIC "-//Apple//DTD PLIST 1.0//EN" "http://www.apple.com/DTDs/PropertyList-1.0.dtd">
<plist version="1.0">
<dict>
	<key>archiveVersion</key>
	<string>1</string>
	<key>classes</key>
	<dict/>
	<key>objectVersion</key>
	<string>46</string>
	<key>objects</key>
	<dict>
		<key>03A4751E4745436ABC7A2D29</key>
		<dict>
			<key>explicitFileType</key>
			<string>archive.ar</string>
			<key>includeInIndex</key>
			<string>0</string>
			<key>isa</key>
			<string>PBXFileReference</string>
			<key>path</key>
			<string>libPods.a</string>
			<key>sourceTree</key>
			<string>BUILT_PRODUCTS_DIR</string>
		</dict>
		<key>04042D8268EE4097B3CD67E0</key>
		<dict>
			<key>includeInIndex</key>
			<string>1</string>
			<key>isa</key>
			<string>PBXFileReference</string>
			<key>lastKnownFileType</key>
			<string>text.xcconfig</string>
			<key>name</key>
			<string>Pods.xcconfig</string>
			<key>path</key>
			<string>Pods/Pods.xcconfig</string>
			<key>sourceTree</key>
			<string>&lt;group&gt;</string>
		</dict>
		<key>3113612AECBA4CD79D3F117D</key>
		<dict>
			<key>fileRef</key>
			<string>03A4751E4745436ABC7A2D29</string>
			<key>isa</key>
			<string>PBXBuildFile</string>
		</dict>
		<key>3B1B66D918C7C9670062134D</key>
		<dict>
			<key>fileEncoding</key>
			<string>4</string>
			<key>isa</key>
			<string>PBXFileReference</string>
			<key>lastKnownFileType</key>
			<string>sourcecode.c.h</string>
			<key>path</key>
			<string>SHReportViewController.h</string>
			<key>sourceTree</key>
			<string>&lt;group&gt;</string>
		</dict>
		<key>3B1B66DA18C7C9670062134D</key>
		<dict>
			<key>fileEncoding</key>
			<string>4</string>
			<key>isa</key>
			<string>PBXFileReference</string>
			<key>lastKnownFileType</key>
			<string>sourcecode.c.objc</string>
			<key>path</key>
			<string>SHReportViewController.m</string>
			<key>sourceTree</key>
			<string>&lt;group&gt;</string>
		</dict>
		<key>3B1B66DB18C7C9670062134D</key>
		<dict>
			<key>fileRef</key>
			<string>3B1B66DA18C7C9670062134D</string>
			<key>isa</key>
			<string>PBXBuildFile</string>
		</dict>
		<key>3B1B66DC18C7ED1F0062134D</key>
		<dict>
			<key>fileEncoding</key>
			<string>4</string>
			<key>isa</key>
			<string>PBXFileReference</string>
			<key>lastKnownFileType</key>
			<string>sourcecode.c.h</string>
			<key>path</key>
			<string>SHArrayTableViewController.h</string>
			<key>sourceTree</key>
			<string>&lt;group&gt;</string>
		</dict>
		<key>3B1B66DD18C7ED1F0062134D</key>
		<dict>
			<key>fileEncoding</key>
			<string>4</string>
			<key>isa</key>
			<string>PBXFileReference</string>
			<key>lastKnownFileType</key>
			<string>sourcecode.c.objc</string>
			<key>path</key>
			<string>SHArrayTableViewController.m</string>
			<key>sourceTree</key>
			<string>&lt;group&gt;</string>
		</dict>
		<key>3B1B66DE18C7ED1F0062134D</key>
		<dict>
			<key>fileRef</key>
			<string>3B1B66DD18C7ED1F0062134D</string>
			<key>isa</key>
			<string>PBXBuildFile</string>
		</dict>
		<key>3B70196418C92DDB00E6DC81</key>
		<dict>
			<key>fileEncoding</key>
			<string>4</string>
			<key>isa</key>
			<string>PBXFileReference</string>
			<key>lastKnownFileType</key>
			<string>sourcecode.c.h</string>
			<key>path</key>
			<string>SHWebApiFetcher.h</string>
			<key>sourceTree</key>
			<string>&lt;group&gt;</string>
		</dict>
		<key>3B70196518C92DDB00E6DC81</key>
		<dict>
			<key>fileEncoding</key>
			<string>4</string>
			<key>isa</key>
			<string>PBXFileReference</string>
			<key>lastKnownFileType</key>
			<string>sourcecode.c.objc</string>
			<key>path</key>
			<string>SHWebApiFetcher.m</string>
			<key>sourceTree</key>
			<string>&lt;group&gt;</string>
		</dict>
		<key>3B70196618C92DDB00E6DC81</key>
		<dict>
			<key>fileRef</key>
			<string>3B70196518C92DDB00E6DC81</string>
			<key>isa</key>
			<string>PBXBuildFile</string>
		</dict>
		<key>3B70196718C93FB900E6DC81</key>
		<dict>
			<key>fileEncoding</key>
			<string>4</string>
			<key>isa</key>
			<string>PBXFileReference</string>
			<key>lastKnownFileType</key>
			<string>sourcecode.c.h</string>
			<key>path</key>
			<string>SHJsonObj.h</string>
			<key>sourceTree</key>
			<string>&lt;group&gt;</string>
		</dict>
		<key>3B70196818C93FB900E6DC81</key>
		<dict>
			<key>fileEncoding</key>
			<string>4</string>
			<key>isa</key>
			<string>PBXFileReference</string>
			<key>lastKnownFileType</key>
			<string>sourcecode.c.objc</string>
			<key>path</key>
			<string>SHJsonObj.m</string>
			<key>sourceTree</key>
			<string>&lt;group&gt;</string>
		</dict>
		<key>3B70196918C93FB900E6DC81</key>
		<dict>
			<key>fileRef</key>
			<string>3B70196818C93FB900E6DC81</string>
			<key>isa</key>
			<string>PBXBuildFile</string>
		</dict>
		<key>3B70196A18C93FD100E6DC81</key>
		<dict>
			<key>fileEncoding</key>
			<string>4</string>
			<key>isa</key>
			<string>PBXFileReference</string>
			<key>lastKnownFileType</key>
			<string>sourcecode.c.h</string>
			<key>path</key>
			<string>SHEvent.h</string>
			<key>sourceTree</key>
			<string>&lt;group&gt;</string>
		</dict>
		<key>3B70196B18C93FD100E6DC81</key>
		<dict>
			<key>fileEncoding</key>
			<string>4</string>
			<key>isa</key>
			<string>PBXFileReference</string>
			<key>lastKnownFileType</key>
			<string>sourcecode.c.objc</string>
			<key>path</key>
			<string>SHEvent.m</string>
			<key>sourceTree</key>
			<string>&lt;group&gt;</string>
		</dict>
		<key>3B70196C18C93FD100E6DC81</key>
		<dict>
			<key>fileRef</key>
			<string>3B70196B18C93FD100E6DC81</string>
			<key>isa</key>
			<string>PBXBuildFile</string>
		</dict>
		<key>3B74096B18C680A70089393E</key>
		<dict>
			<key>isa</key>
			<string>PBXFileReference</string>
			<key>lastKnownFileType</key>
			<string>wrapper.framework</string>
			<key>name</key>
			<string>MapKit.framework</string>
			<key>path</key>
			<string>System/Library/Frameworks/MapKit.framework</string>
			<key>sourceTree</key>
			<string>SDKROOT</string>
		</dict>
		<key>3B74096C18C680A70089393E</key>
		<dict>
			<key>fileRef</key>
			<string>3B74096B18C680A70089393E</string>
			<key>isa</key>
			<string>PBXBuildFile</string>
		</dict>
		<key>3B74096D18C680C50089393E</key>
		<dict>
			<key>isa</key>
			<string>PBXFileReference</string>
			<key>lastKnownFileType</key>
			<string>wrapper.framework</string>
			<key>name</key>
			<string>CoreLocation.framework</string>
			<key>path</key>
			<string>System/Library/Frameworks/CoreLocation.framework</string>
			<key>sourceTree</key>
			<string>SDKROOT</string>
		</dict>
		<key>3B74096E18C680C50089393E</key>
		<dict>
			<key>fileRef</key>
			<string>3B74096D18C680C50089393E</string>
			<key>isa</key>
			<string>PBXBuildFile</string>
		</dict>
		<key>3BAB874418CBC0EE00CF29B4</key>
		<dict>
			<key>fileEncoding</key>
			<string>4</string>
			<key>isa</key>
			<string>PBXFileReference</string>
			<key>lastKnownFileType</key>
			<string>sourcecode.c.objc</string>
			<key>name</key>
			<string>CenterPinMapViewController.m</string>
			<key>path</key>
			<string>../../CenterPinMapViewController/CenterPinMapViewController.m</string>
			<key>sourceTree</key>
			<string>&lt;group&gt;</string>
		</dict>
		<key>3BAB874518CBC0EE00CF29B4</key>
		<dict>
			<key>fileEncoding</key>
			<string>4</string>
			<key>isa</key>
			<string>PBXFileReference</string>
			<key>lastKnownFileType</key>
			<string>sourcecode.c.h</string>
			<key>name</key>
			<string>CenterPinMapViewController.h</string>
			<key>path</key>
			<string>../../CenterPinMapViewController/CenterPinMapViewController.h</string>
			<key>sourceTree</key>
			<string>&lt;group&gt;</string>
		</dict>
		<key>3BAB874618CBC0EE00CF29B4</key>
		<dict>
			<key>fileRef</key>
			<string>3BAB874418CBC0EE00CF29B4</string>
			<key>isa</key>
			<string>PBXBuildFile</string>
		</dict>
		<key>3BEBA05D18C6796600E1ABC8</key>
		<dict>
			<key>children</key>
			<array>
				<string>3BEBA06F18C6796600E1ABC8</string>
				<string>3BEBA09118C6796600E1ABC8</string>
				<string>3BEBA06818C6796600E1ABC8</string>
				<string>3BEBA06718C6796600E1ABC8</string>
				<string>04042D8268EE4097B3CD67E0</string>
			</array>
			<key>isa</key>
			<string>PBXGroup</string>
			<key>sourceTree</key>
			<string>&lt;group&gt;</string>
		</dict>
		<key>3BEBA05E18C6796600E1ABC8</key>
		<dict>
			<key>attributes</key>
			<dict>
				<key>CLASSPREFIX</key>
				<string>SH</string>
				<key>LastUpgradeCheck</key>
				<string>0500</string>
				<key>ORGANIZATIONNAME</key>
				<string>Wild Onion Labs</string>
				<key>TargetAttributes</key>
				<dict>
					<key>3BEBA06518C6796600E1ABC8</key>
					<dict>
						<key>SystemCapabilities</key>
						<dict>
							<key>com.apple.iOS</key>
							<dict>
								<key>enabled</key>
								<string>1</string>
							</dict>
						</dict>
					</dict>
					<key>3BEBA08918C6796600E1ABC8</key>
					<dict>
						<key>TestTargetID</key>
						<string>3BEBA06518C6796600E1ABC8</string>
					</dict>
				</dict>
			</dict>
			<key>buildConfigurationList</key>
			<string>3BEBA06118C6796600E1ABC8</string>
			<key>compatibilityVersion</key>
			<string>Xcode 3.2</string>
			<key>developmentRegion</key>
			<string>English</string>
			<key>hasScannedForEncodings</key>
			<string>0</string>
			<key>isa</key>
			<string>PBXProject</string>
			<key>knownRegions</key>
			<array>
				<string>en</string>
				<string>Base</string>
			</array>
			<key>mainGroup</key>
			<string>3BEBA05D18C6796600E1ABC8</string>
			<key>productRefGroup</key>
			<string>3BEBA06718C6796600E1ABC8</string>
			<key>projectDirPath</key>
			<string></string>
			<key>projectReferences</key>
			<array/>
			<key>projectRoot</key>
			<string></string>
			<key>targets</key>
			<array>
				<string>3BEBA06518C6796600E1ABC8</string>
				<string>3BEBA08918C6796600E1ABC8</string>
			</array>
		</dict>
		<key>3BEBA06118C6796600E1ABC8</key>
		<dict>
			<key>buildConfigurations</key>
			<array>
				<string>3BEBA09918C6796600E1ABC8</string>
				<string>3BEBA09A18C6796600E1ABC8</string>
			</array>
			<key>defaultConfigurationIsVisible</key>
			<string>0</string>
			<key>defaultConfigurationName</key>
			<string>Release</string>
			<key>isa</key>
			<string>XCConfigurationList</string>
		</dict>
		<key>3BEBA06218C6796600E1ABC8</key>
		<dict>
			<key>buildActionMask</key>
			<string>2147483647</string>
			<key>files</key>
			<array>
				<string>3B70196918C93FB900E6DC81</string>
				<string>3B70196C18C93FD100E6DC81</string>
				<string>3B1B66DE18C7ED1F0062134D</string>
				<string>3BEBA07618C6796600E1ABC8</string>
				<string>3B70196618C92DDB00E6DC81</string>
				<string>3B1B66DB18C7C9670062134D</string>
				<string>3BEBA08318C6796600E1ABC8</string>
				<string>3BAB874618CBC0EE00CF29B4</string>
				<string>3BEBA07A18C6796600E1ABC8</string>
			</array>
			<key>isa</key>
			<string>PBXSourcesBuildPhase</string>
			<key>runOnlyForDeploymentPostprocessing</key>
			<string>0</string>
		</dict>
		<key>3BEBA06318C6796600E1ABC8</key>
		<dict>
			<key>buildActionMask</key>
			<string>2147483647</string>
			<key>files</key>
			<array>
				<string>3B74096E18C680C50089393E</string>
				<string>3BEBA06C18C6796600E1ABC8</string>
				<string>3BEBA06E18C6796600E1ABC8</string>
				<string>3B74096C18C680A70089393E</string>
				<string>3BEBA06A18C6796600E1ABC8</string>
				<string>3113612AECBA4CD79D3F117D</string>
			</array>
			<key>isa</key>
			<string>PBXFrameworksBuildPhase</string>
			<key>runOnlyForDeploymentPostprocessing</key>
			<string>0</string>
		</dict>
		<key>3BEBA06418C6796600E1ABC8</key>
		<dict>
			<key>buildActionMask</key>
			<string>2147483647</string>
			<key>files</key>
			<array>
				<string>3BEBA08018C6796600E1ABC8</string>
				<string>3BEBA08518C6796600E1ABC8</string>
				<string>3BEBA07D18C6796600E1ABC8</string>
				<string>3BEBA07418C6796600E1ABC8</string>
			</array>
			<key>isa</key>
			<string>PBXResourcesBuildPhase</string>
			<key>runOnlyForDeploymentPostprocessing</key>
			<string>0</string>
		</dict>
		<key>3BEBA06518C6796600E1ABC8</key>
		<dict>
			<key>buildConfigurationList</key>
			<string>3BEBA09B18C6796600E1ABC8</string>
			<key>buildPhases</key>
			<array>
				<string>93925209B717417A98398820</string>
				<string>3BEBA06218C6796600E1ABC8</string>
				<string>3BEBA06318C6796600E1ABC8</string>
				<string>3BEBA06418C6796600E1ABC8</string>
				<string>80763CEB1D91485E96A97F6E</string>
			</array>
			<key>buildRules</key>
			<array/>
			<key>dependencies</key>
			<array/>
			<key>isa</key>
			<string>PBXNativeTarget</string>
			<key>name</key>
			<string>SomethingHappened</string>
			<key>productName</key>
			<string>SomethingHappened</string>
			<key>productReference</key>
			<string>3BEBA06618C6796600E1ABC8</string>
			<key>productType</key>
			<string>com.apple.product-type.application</string>
		</dict>
		<key>3BEBA06618C6796600E1ABC8</key>
		<dict>
			<key>explicitFileType</key>
			<string>wrapper.application</string>
			<key>includeInIndex</key>
			<string>0</string>
			<key>isa</key>
			<string>PBXFileReference</string>
			<key>path</key>
			<string>SomethingHappened.app</string>
			<key>sourceTree</key>
			<string>BUILT_PRODUCTS_DIR</string>
		</dict>
		<key>3BEBA06718C6796600E1ABC8</key>
		<dict>
			<key>children</key>
			<array>
				<string>3BEBA06618C6796600E1ABC8</string>
				<string>3BEBA08A18C6796600E1ABC8</string>
			</array>
			<key>isa</key>
			<string>PBXGroup</string>
			<key>name</key>
			<string>Products</string>
			<key>sourceTree</key>
			<string>&lt;group&gt;</string>
		</dict>
		<key>3BEBA06818C6796600E1ABC8</key>
		<dict>
			<key>children</key>
			<array>
				<string>3B74096D18C680C50089393E</string>
				<string>3B74096B18C680A70089393E</string>
				<string>3BEBA06918C6796600E1ABC8</string>
				<string>3BEBA06B18C6796600E1ABC8</string>
				<string>3BEBA06D18C6796600E1ABC8</string>
				<string>3BEBA08B18C6796600E1ABC8</string>
				<string>03A4751E4745436ABC7A2D29</string>
			</array>
			<key>isa</key>
			<string>PBXGroup</string>
			<key>name</key>
			<string>Frameworks</string>
			<key>sourceTree</key>
			<string>&lt;group&gt;</string>
		</dict>
		<key>3BEBA06918C6796600E1ABC8</key>
		<dict>
			<key>isa</key>
			<string>PBXFileReference</string>
			<key>lastKnownFileType</key>
			<string>wrapper.framework</string>
			<key>name</key>
			<string>Foundation.framework</string>
			<key>path</key>
			<string>System/Library/Frameworks/Foundation.framework</string>
			<key>sourceTree</key>
			<string>SDKROOT</string>
		</dict>
		<key>3BEBA06A18C6796600E1ABC8</key>
		<dict>
			<key>fileRef</key>
			<string>3BEBA06918C6796600E1ABC8</string>
			<key>isa</key>
			<string>PBXBuildFile</string>
		</dict>
		<key>3BEBA06B18C6796600E1ABC8</key>
		<dict>
			<key>isa</key>
			<string>PBXFileReference</string>
			<key>lastKnownFileType</key>
			<string>wrapper.framework</string>
			<key>name</key>
			<string>CoreGraphics.framework</string>
			<key>path</key>
			<string>System/Library/Frameworks/CoreGraphics.framework</string>
			<key>sourceTree</key>
			<string>SDKROOT</string>
		</dict>
		<key>3BEBA06C18C6796600E1ABC8</key>
		<dict>
			<key>fileRef</key>
			<string>3BEBA06B18C6796600E1ABC8</string>
			<key>isa</key>
			<string>PBXBuildFile</string>
		</dict>
		<key>3BEBA06D18C6796600E1ABC8</key>
		<dict>
			<key>isa</key>
			<string>PBXFileReference</string>
			<key>lastKnownFileType</key>
			<string>wrapper.framework</string>
			<key>name</key>
			<string>UIKit.framework</string>
			<key>path</key>
			<string>System/Library/Frameworks/UIKit.framework</string>
			<key>sourceTree</key>
			<string>SDKROOT</string>
		</dict>
		<key>3BEBA06E18C6796600E1ABC8</key>
		<dict>
			<key>fileRef</key>
			<string>3BEBA06D18C6796600E1ABC8</string>
			<key>isa</key>
			<string>PBXBuildFile</string>
		</dict>
		<key>3BEBA06F18C6796600E1ABC8</key>
		<dict>
			<key>children</key>
			<array>
				<string>3BAB874418CBC0EE00CF29B4</string>
				<string>3BAB874518CBC0EE00CF29B4</string>
				<string>3BEBA07818C6796600E1ABC8</string>
				<string>3BEBA07918C6796600E1ABC8</string>
				<string>3BEBA07B18C6796600E1ABC8</string>
				<string>3BEBA07E18C6796600E1ABC8</string>
				<string>3BEBA08118C6796600E1ABC8</string>
				<string>3BEBA08218C6796600E1ABC8</string>
				<string>3BEBA08418C6796600E1ABC8</string>
				<string>3BEBA07018C6796600E1ABC8</string>
				<string>3B1B66D918C7C9670062134D</string>
				<string>3B1B66DA18C7C9670062134D</string>
				<string>3B1B66DC18C7ED1F0062134D</string>
				<string>3B1B66DD18C7ED1F0062134D</string>
				<string>3B70196418C92DDB00E6DC81</string>
				<string>3B70196518C92DDB00E6DC81</string>
				<string>3B70196718C93FB900E6DC81</string>
				<string>3B70196818C93FB900E6DC81</string>
				<string>3B70196A18C93FD100E6DC81</string>
				<string>3B70196B18C93FD100E6DC81</string>
			</array>
			<key>isa</key>
			<string>PBXGroup</string>
			<key>path</key>
			<string>SomethingHappened</string>
			<key>sourceTree</key>
			<string>&lt;group&gt;</string>
		</dict>
		<key>3BEBA07018C6796600E1ABC8</key>
		<dict>
			<key>children</key>
			<array>
				<string>3BEBA07118C6796600E1ABC8</string>
				<string>3BEBA07218C6796600E1ABC8</string>
				<string>3BEBA07518C6796600E1ABC8</string>
				<string>3BEBA07718C6796600E1ABC8</string>
			</array>
			<key>isa</key>
			<string>PBXGroup</string>
			<key>name</key>
			<string>Supporting Files</string>
			<key>sourceTree</key>
			<string>&lt;group&gt;</string>
		</dict>
		<key>3BEBA07118C6796600E1ABC8</key>
		<dict>
			<key>isa</key>
			<string>PBXFileReference</string>
			<key>lastKnownFileType</key>
			<string>text.plist.xml</string>
			<key>path</key>
			<string>SomethingHappened-Info.plist</string>
			<key>sourceTree</key>
			<string>&lt;group&gt;</string>
		</dict>
		<key>3BEBA07218C6796600E1ABC8</key>
		<dict>
			<key>children</key>
			<array>
				<string>3BEBA07318C6796600E1ABC8</string>
			</array>
			<key>isa</key>
			<string>PBXVariantGroup</string>
			<key>name</key>
			<string>InfoPlist.strings</string>
			<key>sourceTree</key>
			<string>&lt;group&gt;</string>
		</dict>
		<key>3BEBA07318C6796600E1ABC8</key>
		<dict>
			<key>isa</key>
			<string>PBXFileReference</string>
			<key>lastKnownFileType</key>
			<string>text.plist.strings</string>
			<key>name</key>
			<string>en</string>
			<key>path</key>
			<string>en.lproj/InfoPlist.strings</string>
			<key>sourceTree</key>
			<string>&lt;group&gt;</string>
		</dict>
		<key>3BEBA07418C6796600E1ABC8</key>
		<dict>
			<key>fileRef</key>
			<string>3BEBA07218C6796600E1ABC8</string>
			<key>isa</key>
			<string>PBXBuildFile</string>
		</dict>
		<key>3BEBA07518C6796600E1ABC8</key>
		<dict>
			<key>isa</key>
			<string>PBXFileReference</string>
			<key>lastKnownFileType</key>
			<string>sourcecode.c.objc</string>
			<key>path</key>
			<string>main.m</string>
			<key>sourceTree</key>
			<string>&lt;group&gt;</string>
		</dict>
		<key>3BEBA07618C6796600E1ABC8</key>
		<dict>
			<key>fileRef</key>
			<string>3BEBA07518C6796600E1ABC8</string>
			<key>isa</key>
			<string>PBXBuildFile</string>
		</dict>
		<key>3BEBA07718C6796600E1ABC8</key>
		<dict>
			<key>isa</key>
			<string>PBXFileReference</string>
			<key>lastKnownFileType</key>
			<string>sourcecode.c.h</string>
			<key>path</key>
			<string>SomethingHappened-Prefix.pch</string>
			<key>sourceTree</key>
			<string>&lt;group&gt;</string>
		</dict>
		<key>3BEBA07818C6796600E1ABC8</key>
		<dict>
			<key>isa</key>
			<string>PBXFileReference</string>
			<key>lastKnownFileType</key>
			<string>sourcecode.c.h</string>
			<key>path</key>
			<string>SHAppDelegate.h</string>
			<key>sourceTree</key>
			<string>&lt;group&gt;</string>
		</dict>
		<key>3BEBA07918C6796600E1ABC8</key>
		<dict>
			<key>isa</key>
			<string>PBXFileReference</string>
			<key>lastKnownFileType</key>
			<string>sourcecode.c.objc</string>
			<key>path</key>
			<string>SHAppDelegate.m</string>
			<key>sourceTree</key>
			<string>&lt;group&gt;</string>
		</dict>
		<key>3BEBA07A18C6796600E1ABC8</key>
		<dict>
			<key>fileRef</key>
			<string>3BEBA07918C6796600E1ABC8</string>
			<key>isa</key>
			<string>PBXBuildFile</string>
		</dict>
		<key>3BEBA07B18C6796600E1ABC8</key>
		<dict>
			<key>children</key>
			<array>
				<string>3BEBA07C18C6796600E1ABC8</string>
			</array>
			<key>isa</key>
			<string>PBXVariantGroup</string>
			<key>name</key>
			<string>Main_iPhone.storyboard</string>
			<key>sourceTree</key>
			<string>&lt;group&gt;</string>
		</dict>
		<key>3BEBA07C18C6796600E1ABC8</key>
		<dict>
			<key>isa</key>
			<string>PBXFileReference</string>
			<key>lastKnownFileType</key>
			<string>file.storyboard</string>
			<key>name</key>
			<string>Base</string>
			<key>path</key>
			<string>Base.lproj/Main_iPhone.storyboard</string>
			<key>sourceTree</key>
			<string>&lt;group&gt;</string>
		</dict>
		<key>3BEBA07D18C6796600E1ABC8</key>
		<dict>
			<key>fileRef</key>
			<string>3BEBA07B18C6796600E1ABC8</string>
			<key>isa</key>
			<string>PBXBuildFile</string>
		</dict>
		<key>3BEBA07E18C6796600E1ABC8</key>
		<dict>
			<key>children</key>
			<array>
				<string>3BEBA07F18C6796600E1ABC8</string>
			</array>
			<key>isa</key>
			<string>PBXVariantGroup</string>
			<key>name</key>
			<string>Main_iPad.storyboard</string>
			<key>sourceTree</key>
			<string>&lt;group&gt;</string>
		</dict>
		<key>3BEBA07F18C6796600E1ABC8</key>
		<dict>
			<key>isa</key>
			<string>PBXFileReference</string>
			<key>lastKnownFileType</key>
			<string>file.storyboard</string>
			<key>name</key>
			<string>Base</string>
			<key>path</key>
			<string>Base.lproj/Main_iPad.storyboard</string>
			<key>sourceTree</key>
			<string>&lt;group&gt;</string>
		</dict>
		<key>3BEBA08018C6796600E1ABC8</key>
		<dict>
			<key>fileRef</key>
			<string>3BEBA07E18C6796600E1ABC8</string>
			<key>isa</key>
			<string>PBXBuildFile</string>
		</dict>
		<key>3BEBA08118C6796600E1ABC8</key>
		<dict>
			<key>isa</key>
			<string>PBXFileReference</string>
			<key>lastKnownFileType</key>
			<string>sourcecode.c.h</string>
			<key>path</key>
			<string>SHViewController.h</string>
			<key>sourceTree</key>
			<string>&lt;group&gt;</string>
		</dict>
		<key>3BEBA08218C6796600E1ABC8</key>
		<dict>
			<key>isa</key>
			<string>PBXFileReference</string>
			<key>lastKnownFileType</key>
			<string>sourcecode.c.objc</string>
			<key>path</key>
			<string>SHViewController.m</string>
			<key>sourceTree</key>
			<string>&lt;group&gt;</string>
		</dict>
		<key>3BEBA08318C6796600E1ABC8</key>
		<dict>
			<key>fileRef</key>
			<string>3BEBA08218C6796600E1ABC8</string>
			<key>isa</key>
			<string>PBXBuildFile</string>
		</dict>
		<key>3BEBA08418C6796600E1ABC8</key>
		<dict>
			<key>isa</key>
			<string>PBXFileReference</string>
			<key>lastKnownFileType</key>
			<string>folder.assetcatalog</string>
			<key>path</key>
			<string>Images.xcassets</string>
			<key>sourceTree</key>
			<string>&lt;group&gt;</string>
		</dict>
		<key>3BEBA08518C6796600E1ABC8</key>
		<dict>
			<key>fileRef</key>
			<string>3BEBA08418C6796600E1ABC8</string>
			<key>isa</key>
			<string>PBXBuildFile</string>
		</dict>
		<key>3BEBA08618C6796600E1ABC8</key>
		<dict>
			<key>buildActionMask</key>
			<string>2147483647</string>
			<key>files</key>
			<array>
				<string>3BEBA09818C6796600E1ABC8</string>
			</array>
			<key>isa</key>
			<string>PBXSourcesBuildPhase</string>
			<key>runOnlyForDeploymentPostprocessing</key>
			<string>0</string>
		</dict>
		<key>3BEBA08718C6796600E1ABC8</key>
		<dict>
			<key>buildActionMask</key>
			<string>2147483647</string>
			<key>files</key>
			<array>
				<string>3BEBA08C18C6796600E1ABC8</string>
				<string>3BEBA08E18C6796600E1ABC8</string>
				<string>3BEBA08D18C6796600E1ABC8</string>
			</array>
			<key>isa</key>
			<string>PBXFrameworksBuildPhase</string>
			<key>runOnlyForDeploymentPostprocessing</key>
			<string>0</string>
		</dict>
		<key>3BEBA08818C6796600E1ABC8</key>
		<dict>
			<key>buildActionMask</key>
			<string>2147483647</string>
			<key>files</key>
			<array>
				<string>3BEBA09618C6796600E1ABC8</string>
			</array>
			<key>isa</key>
			<string>PBXResourcesBuildPhase</string>
			<key>runOnlyForDeploymentPostprocessing</key>
			<string>0</string>
		</dict>
		<key>3BEBA08918C6796600E1ABC8</key>
		<dict>
			<key>buildConfigurationList</key>
			<string>3BEBA09E18C6796600E1ABC8</string>
			<key>buildPhases</key>
			<array>
				<string>3BEBA08618C6796600E1ABC8</string>
				<string>3BEBA08718C6796600E1ABC8</string>
				<string>3BEBA08818C6796600E1ABC8</string>
			</array>
			<key>buildRules</key>
			<array/>
			<key>dependencies</key>
			<array>
				<string>3BEBA09018C6796600E1ABC8</string>
			</array>
			<key>isa</key>
			<string>PBXNativeTarget</string>
			<key>name</key>
			<string>SomethingHappenedTests</string>
			<key>productName</key>
			<string>SomethingHappenedTests</string>
			<key>productReference</key>
			<string>3BEBA08A18C6796600E1ABC8</string>
			<key>productType</key>
			<string>com.apple.product-type.bundle.unit-test</string>
		</dict>
		<key>3BEBA08A18C6796600E1ABC8</key>
		<dict>
			<key>explicitFileType</key>
			<string>wrapper.cfbundle</string>
			<key>includeInIndex</key>
			<string>0</string>
			<key>isa</key>
			<string>PBXFileReference</string>
			<key>path</key>
			<string>SomethingHappenedTests.xctest</string>
			<key>sourceTree</key>
			<string>BUILT_PRODUCTS_DIR</string>
		</dict>
		<key>3BEBA08B18C6796600E1ABC8</key>
		<dict>
			<key>isa</key>
			<string>PBXFileReference</string>
			<key>lastKnownFileType</key>
			<string>wrapper.framework</string>
			<key>name</key>
			<string>XCTest.framework</string>
			<key>path</key>
			<string>Library/Frameworks/XCTest.framework</string>
			<key>sourceTree</key>
			<string>DEVELOPER_DIR</string>
		</dict>
		<key>3BEBA08C18C6796600E1ABC8</key>
		<dict>
			<key>fileRef</key>
			<string>3BEBA08B18C6796600E1ABC8</string>
			<key>isa</key>
			<string>PBXBuildFile</string>
		</dict>
		<key>3BEBA08D18C6796600E1ABC8</key>
		<dict>
			<key>fileRef</key>
			<string>3BEBA06918C6796600E1ABC8</string>
			<key>isa</key>
			<string>PBXBuildFile</string>
		</dict>
		<key>3BEBA08E18C6796600E1ABC8</key>
		<dict>
			<key>fileRef</key>
			<string>3BEBA06D18C6796600E1ABC8</string>
			<key>isa</key>
			<string>PBXBuildFile</string>
		</dict>
		<key>3BEBA08F18C6796600E1ABC8</key>
		<dict>
			<key>containerPortal</key>
			<string>3BEBA05E18C6796600E1ABC8</string>
			<key>isa</key>
			<string>PBXContainerItemProxy</string>
			<key>proxyType</key>
			<string>1</string>
			<key>remoteGlobalIDString</key>
			<string>3BEBA06518C6796600E1ABC8</string>
			<key>remoteInfo</key>
			<string>SomethingHappened</string>
		</dict>
		<key>3BEBA09018C6796600E1ABC8</key>
		<dict>
			<key>isa</key>
			<string>PBXTargetDependency</string>
			<key>target</key>
			<string>3BEBA06518C6796600E1ABC8</string>
			<key>targetProxy</key>
			<string>3BEBA08F18C6796600E1ABC8</string>
		</dict>
		<key>3BEBA09118C6796600E1ABC8</key>
		<dict>
			<key>children</key>
			<array>
				<string>3BEBA09718C6796600E1ABC8</string>
				<string>3BEBA09218C6796600E1ABC8</string>
			</array>
			<key>isa</key>
			<string>PBXGroup</string>
			<key>path</key>
			<string>SomethingHappenedTests</string>
			<key>sourceTree</key>
			<string>&lt;group&gt;</string>
		</dict>
		<key>3BEBA09218C6796600E1ABC8</key>
		<dict>
			<key>children</key>
			<array>
				<string>3BEBA09318C6796600E1ABC8</string>
				<string>3BEBA09418C6796600E1ABC8</string>
			</array>
			<key>isa</key>
			<string>PBXGroup</string>
			<key>name</key>
			<string>Supporting Files</string>
			<key>sourceTree</key>
			<string>&lt;group&gt;</string>
		</dict>
		<key>3BEBA09318C6796600E1ABC8</key>
		<dict>
			<key>isa</key>
			<string>PBXFileReference</string>
			<key>lastKnownFileType</key>
			<string>text.plist.xml</string>
			<key>path</key>
			<string>SomethingHappenedTests-Info.plist</string>
			<key>sourceTree</key>
			<string>&lt;group&gt;</string>
		</dict>
		<key>3BEBA09418C6796600E1ABC8</key>
		<dict>
			<key>children</key>
			<array>
				<string>3BEBA09518C6796600E1ABC8</string>
			</array>
			<key>isa</key>
			<string>PBXVariantGroup</string>
			<key>name</key>
			<string>InfoPlist.strings</string>
			<key>sourceTree</key>
			<string>&lt;group&gt;</string>
		</dict>
		<key>3BEBA09518C6796600E1ABC8</key>
		<dict>
			<key>isa</key>
			<string>PBXFileReference</string>
			<key>lastKnownFileType</key>
			<string>text.plist.strings</string>
			<key>name</key>
			<string>en</string>
			<key>path</key>
			<string>en.lproj/InfoPlist.strings</string>
			<key>sourceTree</key>
			<string>&lt;group&gt;</string>
		</dict>
		<key>3BEBA09618C6796600E1ABC8</key>
		<dict>
			<key>fileRef</key>
			<string>3BEBA09418C6796600E1ABC8</string>
			<key>isa</key>
			<string>PBXBuildFile</string>
		</dict>
		<key>3BEBA09718C6796600E1ABC8</key>
		<dict>
			<key>isa</key>
			<string>PBXFileReference</string>
			<key>lastKnownFileType</key>
			<string>sourcecode.c.objc</string>
			<key>path</key>
			<string>SomethingHappenedTests.m</string>
			<key>sourceTree</key>
			<string>&lt;group&gt;</string>
		</dict>
		<key>3BEBA09818C6796600E1ABC8</key>
		<dict>
			<key>fileRef</key>
			<string>3BEBA09718C6796600E1ABC8</string>
			<key>isa</key>
			<string>PBXBuildFile</string>
		</dict>
		<key>3BEBA09918C6796600E1ABC8</key>
		<dict>
			<key>buildSettings</key>
			<dict>
				<key>ALWAYS_SEARCH_USER_PATHS</key>
				<string>NO</string>
				<key>ARCHS</key>
				<string>$(ARCHS_STANDARD_INCLUDING_64_BIT)</string>
				<key>CLANG_CXX_LANGUAGE_STANDARD</key>
				<string>gnu++0x</string>
				<key>CLANG_CXX_LIBRARY</key>
				<string>libc++</string>
				<key>CLANG_ENABLE_MODULES</key>
				<string>YES</string>
				<key>CLANG_ENABLE_OBJC_ARC</key>
				<string>YES</string>
				<key>CLANG_WARN_BOOL_CONVERSION</key>
				<string>YES</string>
				<key>CLANG_WARN_CONSTANT_CONVERSION</key>
				<string>YES</string>
				<key>CLANG_WARN_DIRECT_OBJC_ISA_USAGE</key>
				<string>YES_ERROR</string>
				<key>CLANG_WARN_EMPTY_BODY</key>
				<string>YES</string>
				<key>CLANG_WARN_ENUM_CONVERSION</key>
				<string>YES</string>
				<key>CLANG_WARN_INT_CONVERSION</key>
				<string>YES</string>
				<key>CLANG_WARN_OBJC_ROOT_CLASS</key>
				<string>YES_ERROR</string>
				<key>CLANG_WARN__DUPLICATE_METHOD_MATCH</key>
				<string>YES</string>
				<key>CODE_SIGN_IDENTITY[sdk=iphoneos*]</key>
				<string>iPhone Developer</string>
				<key>COPY_PHASE_STRIP</key>
				<string>NO</string>
				<key>GCC_C_LANGUAGE_STANDARD</key>
				<string>gnu99</string>
				<key>GCC_DYNAMIC_NO_PIC</key>
				<string>NO</string>
				<key>GCC_OPTIMIZATION_LEVEL</key>
				<string>0</string>
				<key>GCC_PREPROCESSOR_DEFINITIONS</key>
				<array>
					<string>DEBUG=1</string>
					<string>$(inherited)</string>
				</array>
				<key>GCC_SYMBOLS_PRIVATE_EXTERN</key>
				<string>NO</string>
				<key>GCC_WARN_64_TO_32_BIT_CONVERSION</key>
				<string>YES</string>
				<key>GCC_WARN_ABOUT_RETURN_TYPE</key>
				<string>YES_ERROR</string>
				<key>GCC_WARN_UNDECLARED_SELECTOR</key>
				<string>YES</string>
				<key>GCC_WARN_UNINITIALIZED_AUTOS</key>
				<string>YES</string>
				<key>GCC_WARN_UNUSED_FUNCTION</key>
				<string>YES</string>
				<key>GCC_WARN_UNUSED_VARIABLE</key>
				<string>YES</string>
				<key>IPHONEOS_DEPLOYMENT_TARGET</key>
				<string>7.0</string>
				<key>ONLY_ACTIVE_ARCH</key>
				<string>YES</string>
				<key>SDKROOT</key>
				<string>iphoneos</string>
				<key>TARGETED_DEVICE_FAMILY</key>
				<string>1,2</string>
			</dict>
			<key>isa</key>
			<string>XCBuildConfiguration</string>
			<key>name</key>
			<string>Debug</string>
		</dict>
		<key>3BEBA09A18C6796600E1ABC8</key>
		<dict>
			<key>buildSettings</key>
			<dict>
				<key>ALWAYS_SEARCH_USER_PATHS</key>
				<string>NO</string>
				<key>ARCHS</key>
				<string>$(ARCHS_STANDARD_INCLUDING_64_BIT)</string>
				<key>CLANG_CXX_LANGUAGE_STANDARD</key>
				<string>gnu++0x</string>
				<key>CLANG_CXX_LIBRARY</key>
				<string>libc++</string>
				<key>CLANG_ENABLE_MODULES</key>
				<string>YES</string>
				<key>CLANG_ENABLE_OBJC_ARC</key>
				<string>YES</string>
				<key>CLANG_WARN_BOOL_CONVERSION</key>
				<string>YES</string>
				<key>CLANG_WARN_CONSTANT_CONVERSION</key>
				<string>YES</string>
				<key>CLANG_WARN_DIRECT_OBJC_ISA_USAGE</key>
				<string>YES_ERROR</string>
				<key>CLANG_WARN_EMPTY_BODY</key>
				<string>YES</string>
				<key>CLANG_WARN_ENUM_CONVERSION</key>
				<string>YES</string>
				<key>CLANG_WARN_INT_CONVERSION</key>
				<string>YES</string>
				<key>CLANG_WARN_OBJC_ROOT_CLASS</key>
				<string>YES_ERROR</string>
				<key>CLANG_WARN__DUPLICATE_METHOD_MATCH</key>
				<string>YES</string>
				<key>CODE_SIGN_IDENTITY[sdk=iphoneos*]</key>
				<string>iPhone Developer</string>
				<key>COPY_PHASE_STRIP</key>
				<string>YES</string>
				<key>ENABLE_NS_ASSERTIONS</key>
				<string>NO</string>
				<key>GCC_C_LANGUAGE_STANDARD</key>
				<string>gnu99</string>
				<key>GCC_WARN_64_TO_32_BIT_CONVERSION</key>
				<string>YES</string>
				<key>GCC_WARN_ABOUT_RETURN_TYPE</key>
				<string>YES_ERROR</string>
				<key>GCC_WARN_UNDECLARED_SELECTOR</key>
				<string>YES</string>
				<key>GCC_WARN_UNINITIALIZED_AUTOS</key>
				<string>YES</string>
				<key>GCC_WARN_UNUSED_FUNCTION</key>
				<string>YES</string>
				<key>GCC_WARN_UNUSED_VARIABLE</key>
				<string>YES</string>
				<key>IPHONEOS_DEPLOYMENT_TARGET</key>
				<string>7.0</string>
				<key>SDKROOT</key>
				<string>iphoneos</string>
				<key>TARGETED_DEVICE_FAMILY</key>
				<string>1,2</string>
				<key>VALIDATE_PRODUCT</key>
				<string>YES</string>
			</dict>
			<key>isa</key>
			<string>XCBuildConfiguration</string>
			<key>name</key>
			<string>Release</string>
		</dict>
		<key>3BEBA09B18C6796600E1ABC8</key>
		<dict>
			<key>buildConfigurations</key>
			<array>
				<string>3BEBA09C18C6796600E1ABC8</string>
				<string>3BEBA09D18C6796600E1ABC8</string>
			</array>
			<key>defaultConfigurationIsVisible</key>
			<string>0</string>
			<key>defaultConfigurationName</key>
			<string>Release</string>
			<key>isa</key>
			<string>XCConfigurationList</string>
		</dict>
		<key>3BEBA09C18C6796600E1ABC8</key>
		<dict>
			<key>baseConfigurationReference</key>
			<string>04042D8268EE4097B3CD67E0</string>
			<key>buildSettings</key>
			<dict>
				<key>ASSETCATALOG_COMPILER_APPICON_NAME</key>
				<string>AppIcon</string>
				<key>ASSETCATALOG_COMPILER_LAUNCHIMAGE_NAME</key>
				<string>LaunchImage</string>
				<key>GCC_PRECOMPILE_PREFIX_HEADER</key>
				<string>YES</string>
				<key>GCC_PREFIX_HEADER</key>
				<string>SomethingHappened/SomethingHappened-Prefix.pch</string>
				<key>INFOPLIST_FILE</key>
				<string>SomethingHappened/SomethingHappened-Info.plist</string>
				<key>PRODUCT_NAME</key>
				<string>$(TARGET_NAME)</string>
				<key>WRAPPER_EXTENSION</key>
				<string>app</string>
			</dict>
			<key>isa</key>
			<string>XCBuildConfiguration</string>
			<key>name</key>
			<string>Debug</string>
		</dict>
		<key>3BEBA09D18C6796600E1ABC8</key>
		<dict>
			<key>baseConfigurationReference</key>
			<string>04042D8268EE4097B3CD67E0</string>
			<key>buildSettings</key>
			<dict>
				<key>ASSETCATALOG_COMPILER_APPICON_NAME</key>
				<string>AppIcon</string>
				<key>ASSETCATALOG_COMPILER_LAUNCHIMAGE_NAME</key>
				<string>LaunchImage</string>
				<key>GCC_PRECOMPILE_PREFIX_HEADER</key>
				<string>YES</string>
				<key>GCC_PREFIX_HEADER</key>
				<string>SomethingHappened/SomethingHappened-Prefix.pch</string>
				<key>INFOPLIST_FILE</key>
				<string>SomethingHappened/SomethingHappened-Info.plist</string>
				<key>PRODUCT_NAME</key>
				<string>$(TARGET_NAME)</string>
				<key>WRAPPER_EXTENSION</key>
				<string>app</string>
			</dict>
			<key>isa</key>
			<string>XCBuildConfiguration</string>
			<key>name</key>
			<string>Release</string>
		</dict>
		<key>3BEBA09E18C6796600E1ABC8</key>
		<dict>
			<key>buildConfigurations</key>
			<array>
				<string>3BEBA09F18C6796600E1ABC8</string>
				<string>3BEBA0A018C6796600E1ABC8</string>
			</array>
			<key>defaultConfigurationIsVisible</key>
			<string>0</string>
			<key>defaultConfigurationName</key>
			<string>Release</string>
			<key>isa</key>
			<string>XCConfigurationList</string>
		</dict>
		<key>3BEBA09F18C6796600E1ABC8</key>
		<dict>
			<key>buildSettings</key>
			<dict>
				<key>ARCHS</key>
				<string>$(ARCHS_STANDARD_INCLUDING_64_BIT)</string>
				<key>BUNDLE_LOADER</key>
				<string>$(BUILT_PRODUCTS_DIR)/SomethingHappened.app/SomethingHappened</string>
				<key>FRAMEWORK_SEARCH_PATHS</key>
				<array>
					<string>$(SDKROOT)/Developer/Library/Frameworks</string>
					<string>$(inherited)</string>
					<string>$(DEVELOPER_FRAMEWORKS_DIR)</string>
				</array>
				<key>GCC_PRECOMPILE_PREFIX_HEADER</key>
				<string>YES</string>
				<key>GCC_PREFIX_HEADER</key>
				<string>SomethingHappened/SomethingHappened-Prefix.pch</string>
				<key>GCC_PREPROCESSOR_DEFINITIONS</key>
				<array>
					<string>DEBUG=1</string>
					<string>$(inherited)</string>
				</array>
				<key>INFOPLIST_FILE</key>
				<string>SomethingHappenedTests/SomethingHappenedTests-Info.plist</string>
				<key>PRODUCT_NAME</key>
				<string>$(TARGET_NAME)</string>
				<key>TEST_HOST</key>
				<string>$(BUNDLE_LOADER)</string>
				<key>WRAPPER_EXTENSION</key>
				<string>xctest</string>
			</dict>
			<key>isa</key>
			<string>XCBuildConfiguration</string>
			<key>name</key>
			<string>Debug</string>
		</dict>
		<key>3BEBA0A018C6796600E1ABC8</key>
		<dict>
			<key>buildSettings</key>
			<dict>
				<key>ARCHS</key>
				<string>$(ARCHS_STANDARD_INCLUDING_64_BIT)</string>
				<key>BUNDLE_LOADER</key>
				<string>$(BUILT_PRODUCTS_DIR)/SomethingHappened.app/SomethingHappened</string>
				<key>FRAMEWORK_SEARCH_PATHS</key>
				<array>
					<string>$(SDKROOT)/Developer/Library/Frameworks</string>
					<string>$(inherited)</string>
					<string>$(DEVELOPER_FRAMEWORKS_DIR)</string>
				</array>
				<key>GCC_PRECOMPILE_PREFIX_HEADER</key>
				<string>YES</string>
				<key>GCC_PREFIX_HEADER</key>
				<string>SomethingHappened/SomethingHappened-Prefix.pch</string>
				<key>INFOPLIST_FILE</key>
				<string>SomethingHappenedTests/SomethingHappenedTests-Info.plist</string>
				<key>PRODUCT_NAME</key>
				<string>$(TARGET_NAME)</string>
				<key>TEST_HOST</key>
				<string>$(BUNDLE_LOADER)</string>
				<key>WRAPPER_EXTENSION</key>
				<string>xctest</string>
			</dict>
			<key>isa</key>
			<string>XCBuildConfiguration</string>
			<key>name</key>
			<string>Release</string>
		</dict>
		<key>80763CEB1D91485E96A97F6E</key>
		<dict>
			<key>buildActionMask</key>
			<string>2147483647</string>
			<key>files</key>
			<array/>
			<key>inputPaths</key>
			<array/>
			<key>isa</key>
			<string>PBXShellScriptBuildPhase</string>
			<key>name</key>
			<string>Copy Pods Resources</string>
			<key>outputPaths</key>
			<array/>
			<key>runOnlyForDeploymentPostprocessing</key>
			<string>0</string>
			<key>shellPath</key>
			<string>/bin/sh</string>
			<key>shellScript</key>
			<string>"${SRCROOT}/Pods/Pods-resources.sh"
</string>
			<key>showEnvVarsInLog</key>
			<string>0</string>
		</dict>
		<key>93925209B717417A98398820</key>
		<dict>
			<key>buildActionMask</key>
			<string>2147483647</string>
			<key>files</key>
			<array/>
			<key>inputPaths</key>
			<array/>
			<key>isa</key>
			<string>PBXShellScriptBuildPhase</string>
			<key>name</key>
			<string>Check Pods Manifest.lock</string>
			<key>outputPaths</key>
			<array/>
			<key>runOnlyForDeploymentPostprocessing</key>
			<string>0</string>
			<key>shellPath</key>
			<string>/bin/sh</string>
			<key>shellScript</key>
			<string>diff "${PODS_ROOT}/../Podfile.lock" "${PODS_ROOT}/Manifest.lock" &gt; /dev/null
if [[ $? != 0 ]] ; then
    cat &lt;&lt; EOM
error: The sandbox is not in sync with the Podfile.lock. Run 'pod install' or update your CocoaPods installation.
EOM
    exit 1
fi
</string>
			<key>showEnvVarsInLog</key>
			<string>0</string>
		</dict>
	</dict>
	<key>rootObject</key>
	<string>3BEBA05E18C6796600E1ABC8</string>
</dict>
</plist>
